# Licensed under the Apache License, Version 2.0 (the "License");
# You may not use this file except in compliance with the License.
# You may obtain a copy of the License at
#
#     http://www.apache.org/licenses/LICENSE-2.0
#
# Unless required by applicable law or agreed to in writing, software
# distributed under the License is distributed on an "AS IS" BASIS,
# WITHOUT WARRANTIES OR CONDITIONS OF ANY KIND, either express or implied.
# See the License for the specific language governing permissions and
# limitations under the License.
#
# Copyright (C) 2022-2023 xqyjlj<xqyjlj@126.com>
#
# @author      xqyjlj
# @file        clock.yml
#
# Change Logs:
# Date           Author       Notes
# ------------   ----------   -----------------------------------------------
# 2023-01-07     xqyjlj       initial version
#

Groups:
  chal_clock_osc_t:
    Comment:
      zh_CN: HSE时钟输入源类型
      en:
    Values:
      CHAL_CLOCK_OSC_DISABLE:
        Comment:
          zh_CN: 禁用
          en:
      CHAL_CLOCK_OSC_BYPASS:
        Comment:
          zh_CN: 有源晶振模式
          en:
      CHAL_CLOCK_OSC_NO_BYPASS:
        Comment:
          zh_CN: 无源晶振模式
          en:
  chal_clock_osc32_t:
    Comment:
      zh_CN: HSI时钟输入源类型
      en:
    Values:
      CHAL_CLOCK_OSC32_DISABLE:
        Comment:
          zh_CN: 禁用
          en:
      CHAL_CLOCK_OSC32_BYPASS:
        Comment:
          zh_CN: 有源晶振模式
          en:
      CHAL_CLOCK_OSC32_NO_BYPASS:
        Comment:
          zh_CN: 无源晶振模式
          en:
  chal_clock_css_t:
    Comment:
      zh_CN: CSS时钟安全系统
      en:
    Values:
      CHAL_CLOCK_CSS_DISABLE:
        Comment:
          zh_CN: 禁用
          en:
      CHAL_CLOCK_CSS_ENABLE:
        Comment:
          zh_CN: 启用
          en:
Properties:
  chal_clock_osc_t:
    DisplayName:
      zh_CN: HSE时钟输入源
      en:
    Description:
      zh_CN: Clock-HSE时钟输入源
      en:
    Category: Clock
    ReadOnly: false
  chal_clock_osc32_t:
    DisplayName:
      zh_CN: HSI时钟输入源
      en:
    Description:
      zh_CN: Clock-HSI时钟输入源
      en:
    Category: Clock
    ReadOnly: false
  chal_clock_css_t:
    DisplayName:
      zh_CN: CSS时钟安全系统
      en:
    Description:
      zh_CN: Clock-CSS时钟安全系统
      en:
    Category: Clock
    ReadOnly: false
