# Licensed under the Apache License, Version 2.0 (the "License");
# You may not use this file except in compliance with the License.
# You may obtain a copy of the License at
#
#     http://www.apache.org/licenses/LICENSE-2.0
#
# Unless required by applicable law or agreed to in writing, software
# distributed under the License is distributed on an "AS IS" BASIS,
# WITHOUT WARRANTIES OR CONDITIONS OF ANY KIND, either express or implied.
# See the License for the specific language governing permissions and
# limitations under the License.
#
# Copyright (C) 2022-2023 xqyjlj<xqyjlj@126.com>
#
# @author      xqyjlj
# @file        clock.yml
#
# Change Logs:
# Date           Author       Notes
# ------------   ----------   -----------------------------------------------
# 2023-01-07     xqyjlj       initial version
#

Clock-OSC:
  chal_clock_osc_t:
    - CHAL_CLOCK_OSC_DISABLE
    - CHAL_CLOCK_OSC_BYPASS
    - CHAL_CLOCK_OSC_NO_BYPASS
Clock-OSC32:
  chal_clock_osc32_t:
    - CHAL_CLOCK_OSC32_DISABLE
    - CHAL_CLOCK_OSC32_BYPASS
    - CHAL_CLOCK_OSC32_NO_BYPASS
Clock-CSS:
  chal_clock_css_t:
    - CHAL_CLOCK_CSS_DISABLE
    - CHAL_CLOCK_CSS_ENABLE
